{
  "name": "subito-app",
  "lockfileVersion": 2,
  "requires": true,
  "packages": {
    "": {
      "name": "subito-app",
      "dependencies": {
        "argv": "0.0.2",
        "node-cron": "3.0.2"
      },
      "devDependencies": {
        "@types/argv": "0.0.5",
        "@types/node": "18.11.7",
        "@types/node-cron": "3.0.5"
      }
    },
    "node_modules/@types/argv": {
      "version": "0.0.5",
      "resolved": "https://registry.npmjs.org/@types/argv/-/argv-0.0.5.tgz",
      "integrity": "sha512-cWna1Y4teif/6PA9JA33RpLfO5eztL+2HRDSJ3GF3Kk7+2nOGwDFPcXIUYTcEYXJt10qwYywhjFMYb0ajUiYpQ==",
      "dev": true
    },
    "node_modules/@types/node": {
      "version": "18.11.7",
      "resolved": "https://registry.npmjs.org/@types/node/-/node-18.11.7.tgz",
      "integrity": "sha512-LhFTglglr63mNXUSRYD8A+ZAIu5sFqNJ4Y2fPuY7UlrySJH87rRRlhtVmMHplmfk5WkoJGmDjE9oiTfyX94CpQ==",
      "dev": true
    },
    "node_modules/@types/node-cron": {
      "version": "3.0.5",
      "resolved": "https://registry.npmjs.org/@types/node-cron/-/node-cron-3.0.5.tgz",
      "integrity": "sha512-uoDOALlHFxcPzRJR/M2L8478OqLcuGsx+SPjIKkp7cdWh9y2risWtC2M0KPjrwV8wvcj6eyYB/HozizbgvzumA==",
      "dev": true
    },
    "node_modules/argv": {
      "version": "0.0.2",
      "resolved": "https://registry.npmjs.org/argv/-/argv-0.0.2.tgz",
      "integrity": "sha512-dEamhpPEwRUBpLNHeuCm/v+g0anFByHahxodVO/BbAarHVBBg2MccCwf9K+o1Pof+2btdnkJelYVUWjW/VrATw==",
      "engines": {
        "node": ">=0.6.10"
      }
    },
    "node_modules/node-cron": {
      "version": "3.0.2",
      "resolved": "https://registry.npmjs.org/node-cron/-/node-cron-3.0.2.tgz",
      "integrity": "sha512-iP8l0yGlNpE0e6q1o185yOApANRe47UPbLf4YxfbiNHt/RU5eBcGB/e0oudruheSf+LQeDMezqC5BVAb5wwRcQ==",
      "dependencies": {
        "uuid": "8.3.2"
      },
      "engines": {
        "node": ">=6.0.0"
      }
    },
    "node_modules/uuid": {
      "version": "8.3.2",
      "resolved": "https://registry.npmjs.org/uuid/-/uuid-8.3.2.tgz",
      "integrity": "sha512-+NYs2QeMWy+GWFOEm9xnn6HCDp0l7QBD7ml8zLUmJ+93Q5NF0NocErnwkTkXVFNiX3/fpC6afS8Dhb/gz7R7eg==",
      "bin": {
        "uuid": "dist/bin/uuid"
      }
    }
  },
  "dependencies": {
    "@types/argv": {
      "version": "0.0.5",
      "resolved": "https://registry.npmjs.org/@types/argv/-/argv-0.0.5.tgz",
      "integrity": "sha512-cWna1Y4teif/6PA9JA33RpLfO5eztL+2HRDSJ3GF3Kk7+2nOGwDFPcXIUYTcEYXJt10qwYywhjFMYb0ajUiYpQ==",
      "dev": true
    },
    "@types/node": {
      "version": "18.11.7",
      "resolved": "https://registry.npmjs.org/@types/node/-/node-18.11.7.tgz",
      "integrity": "sha512-LhFTglglr63mNXUSRYD8A+ZAIu5sFqNJ4Y2fPuY7UlrySJH87rRRlhtVmMHplmfk5WkoJGmDjE9oiTfyX94CpQ==",
      "dev": true
    },
    "@types/node-cron": {
      "version": "3.0.5",
      "resolved": "https://registry.npmjs.org/@types/node-cron/-/node-cron-3.0.5.tgz",
      "integrity": "sha512-uoDOALlHFxcPzRJR/M2L8478OqLcuGsx+SPjIKkp7cdWh9y2risWtC2M0KPjrwV8wvcj6eyYB/HozizbgvzumA==",
      "dev": true
    },
    "argv": {
      "version": "0.0.2",
      "resolved": "https://registry.npmjs.org/argv/-/argv-0.0.2.tgz",
      "integrity": "sha512-dEamhpPEwRUBpLNHeuCm/v+g0anFByHahxodVO/BbAarHVBBg2MccCwf9K+o1Pof+2btdnkJelYVUWjW/VrATw=="
    },
    "node-cron": {
      "version": "3.0.2",
      "resolved": "https://registry.npmjs.org/node-cron/-/node-cron-3.0.2.tgz",
      "integrity": "sha512-iP8l0yGlNpE0e6q1o185yOApANRe47UPbLf4YxfbiNHt/RU5eBcGB/e0oudruheSf+LQeDMezqC5BVAb5wwRcQ==",
      "requires": {
        "uuid": "8.3.2"
      }
    },
    "uuid": {
      "version": "8.3.2",
      "resolved": "https://registry.npmjs.org/uuid/-/uuid-8.3.2.tgz",
      "integrity": "sha512-+NYs2QeMWy+GWFOEm9xnn6HCDp0l7QBD7ml8zLUmJ+93Q5NF0NocErnwkTkXVFNiX3/fpC6afS8Dhb/gz7R7eg=="
    }
  }
}
